// !$*UTF8*$!
{
	archiveVersion = 1;
	classes = {
	};
	objectVersion = 56;
	objects = {

/* Begin PBXBuildFile section */
		CA7EAEE729BF1EE800B89449 /* PuppyClassification.mlmodel in Sources */ = {isa = PBXBuildFile; fileRef = CA7EAEE629BF1EE800B89449 /* PuppyClassification.mlmodel */; };
		CAD62C9D29BDA80C00CFE9D3 /* ONE Mobile POP OTF.otf in Resources */ = {isa = PBXBuildFile; fileRef = CAD62C9C29BDA80C00CFE9D3 /* ONE Mobile POP OTF.otf */; };
		CAD62CAC29BDD13900CFE9D3 /* Inceptionv3.mlmodel in Sources */ = {isa = PBXBuildFile; fileRef = CAD62CAB29BDD13800CFE9D3 /* Inceptionv3.mlmodel */; };
		CAFD7D8229BC92E20058D6F7 /* AppDelegate.swift in Sources */ = {isa = PBXBuildFile; fileRef = CAFD7D8129BC92E20058D6F7 /* AppDelegate.swift */; };
		CAFD7D8429BC92E20058D6F7 /* SceneDelegate.swift in Sources */ = {isa = PBXBuildFile; fileRef = CAFD7D8329BC92E20058D6F7 /* SceneDelegate.swift */; };
		CAFD7D8629BC92E20058D6F7 /* ViewController.swift in Sources */ = {isa = PBXBuildFile; fileRef = CAFD7D8529BC92E20058D6F7 /* ViewController.swift */; };
		CAFD7D8929BC92E20058D6F7 /* Main.storyboard in Resources */ = {isa = PBXBuildFile; fileRef = CAFD7D8729BC92E20058D6F7 /* Main.storyboard */; };
		CAFD7D8B29BC92E40058D6F7 /* Assets.xcassets in Resources */ = {isa = PBXBuildFile; fileRef = CAFD7D8A29BC92E40058D6F7 /* Assets.xcassets */; };
		CAFD7D8E29BC92E40058D6F7 /* LaunchScreen.storyboard in Resources */ = {isa = PBXBuildFile; fileRef = CAFD7D8C29BC92E40058D6F7 /* LaunchScreen.storyboard */; };
		CAFD7D9629BC986C0058D6F7 /* LoginViewController.swift in Sources */ = {isa = PBXBuildFile; fileRef = CAFD7D9529BC986C0058D6F7 /* LoginViewController.swift */; };
		CAFD7D9829BC98800058D6F7 /* RegisterViewController.swift in Sources */ = {isa = PBXBuildFile; fileRef = CAFD7D9729BC98800058D6F7 /* RegisterViewController.swift */; };
		CAFD7D9A29BCB0020058D6F7 /* GoogleService-Info.plist in Resources */ = {isa = PBXBuildFile; fileRef = CAFD7D9929BCB0020058D6F7 /* GoogleService-Info.plist */; };
		CAFD7D9F29BD629B0058D6F7 /* SelectMenuController.swift in Sources */ = {isa = PBXBuildFile; fileRef = CAFD7D9E29BD629B0058D6F7 /* SelectMenuController.swift */; };
		CAFD7DA129BD6EA20058D6F7 /* SkinAIController.swift in Sources */ = {isa = PBXBuildFile; fileRef = CAFD7DA029BD6EA20058D6F7 /* SkinAIController.swift */; };
		D022FA7A5E06C837D9709A3E /* Pods_PuppyDisease.framework in Frameworks */ = {isa = PBXBuildFile; fileRef = 715C2F7C06ECC13DD5F05246 /* Pods_PuppyDisease.framework */; };
/* End PBXBuildFile section */

/* Begin PBXFileReference section */
		3D57E8CE4D98EA59A2C27018 /* Pods-PuppyDisease.release.xcconfig */ = {isa = PBXFileReference; includeInIndex = 1; lastKnownFileType = text.xcconfig; name = "Pods-PuppyDisease.release.xcconfig"; path = "Target Support Files/Pods-PuppyDisease/Pods-PuppyDisease.release.xcconfig"; sourceTree = "<group>"; };
		63B8D47FC4E203FAE08998C7 /* Pods-PuppyDisease.debug.xcconfig */ = {isa = PBXFileReference; includeInIndex = 1; lastKnownFileType = text.xcconfig; name = "Pods-PuppyDisease.debug.xcconfig"; path = "Target Support Files/Pods-PuppyDisease/Pods-PuppyDisease.debug.xcconfig"; sourceTree = "<group>"; };
		715C2F7C06ECC13DD5F05246 /* Pods_PuppyDisease.framework */ = {isa = PBXFileReference; explicitFileType = wrapper.framework; includeInIndex = 0; path = Pods_PuppyDisease.framework; sourceTree = BUILT_PRODUCTS_DIR; };
		CA7EAEE629BF1EE800B89449 /* PuppyClassification.mlmodel */ = {isa = PBXFileReference; lastKnownFileType = file.mlmodel; path = PuppyClassification.mlmodel; sourceTree = "<group>"; };
		CAD62C9C29BDA80C00CFE9D3 /* ONE Mobile POP OTF.otf */ = {isa = PBXFileReference; lastKnownFileType = file; name = "ONE Mobile POP OTF.otf"; path = "../../../Downloads/ONE Mobile 글꼴 3종/POP체/ONE Mobile POP OTF.otf"; sourceTree = "<group>"; };
		CAD62C9F29BDA81700CFE9D3 /* ONE Mobile POP OTF.otf */ = {isa = PBXFileReference; lastKnownFileType = file; path = "ONE Mobile POP OTF.otf"; sourceTree = "<group>"; };
		CAD62CAB29BDD13800CFE9D3 /* Inceptionv3.mlmodel */ = {isa = PBXFileReference; lastKnownFileType = file.mlmodel; name = Inceptionv3.mlmodel; path = ../../../../Downloads/Inceptionv3.mlmodel; sourceTree = "<group>"; };
		CAFD7D7E29BC92E20058D6F7 /* PuppyDisease.app */ = {isa = PBXFileReference; explicitFileType = wrapper.application; includeInIndex = 0; path = PuppyDisease.app; sourceTree = BUILT_PRODUCTS_DIR; };
		CAFD7D8129BC92E20058D6F7 /* AppDelegate.swift */ = {isa = PBXFileReference; lastKnownFileType = sourcecode.swift; path = AppDelegate.swift; sourceTree = "<group>"; };
		CAFD7D8329BC92E20058D6F7 /* SceneDelegate.swift */ = {isa = PBXFileReference; lastKnownFileType = sourcecode.swift; path = SceneDelegate.swift; sourceTree = "<group>"; };
		CAFD7D8529BC92E20058D6F7 /* ViewController.swift */ = {isa = PBXFileReference; lastKnownFileType = sourcecode.swift; path = ViewController.swift; sourceTree = "<group>"; };
		CAFD7D8829BC92E20058D6F7 /* Base */ = {isa = PBXFileReference; lastKnownFileType = file.storyboard; name = Base; path = Base.lproj/Main.storyboard; sourceTree = "<group>"; };
		CAFD7D8A29BC92E40058D6F7 /* Assets.xcassets */ = {isa = PBXFileReference; lastKnownFileType = folder.assetcatalog; path = Assets.xcassets; sourceTree = "<group>"; };
		CAFD7D8D29BC92E40058D6F7 /* Base */ = {isa = PBXFileReference; lastKnownFileType = file.storyboard; name = Base; path = Base.lproj/LaunchScreen.storyboard; sourceTree = "<group>"; };
		CAFD7D8F29BC92E40058D6F7 /* Info.plist */ = {isa = PBXFileReference; lastKnownFileType = text.plist.xml; path = Info.plist; sourceTree = "<group>"; };
		CAFD7D9529BC986C0058D6F7 /* LoginViewController.swift */ = {isa = PBXFileReference; lastKnownFileType = sourcecode.swift; path = LoginViewController.swift; sourceTree = "<group>"; };
		CAFD7D9729BC98800058D6F7 /* RegisterViewController.swift */ = {isa = PBXFileReference; lastKnownFileType = sourcecode.swift; path = RegisterViewController.swift; sourceTree = "<group>"; };
		CAFD7D9929BCB0020058D6F7 /* GoogleService-Info.plist */ = {isa = PBXFileReference; fileEncoding = 4; lastKnownFileType = text.plist.xml; name = "GoogleService-Info.plist"; path = "../../../Downloads/GoogleService-Info.plist"; sourceTree = "<group>"; };
		CAFD7D9E29BD629B0058D6F7 /* SelectMenuController.swift */ = {isa = PBXFileReference; lastKnownFileType = sourcecode.swift; path = SelectMenuController.swift; sourceTree = "<group>"; };
		CAFD7DA029BD6EA20058D6F7 /* SkinAIController.swift */ = {isa = PBXFileReference; lastKnownFileType = sourcecode.swift; path = SkinAIController.swift; sourceTree = "<group>"; };
/* End PBXFileReference section */

/* Begin PBXFrameworksBuildPhase section */
		CAFD7D7B29BC92E20058D6F7 /* Frameworks */ = {
			isa = PBXFrameworksBuildPhase;
			buildActionMask = 2147483647;
			files = (
				D022FA7A5E06C837D9709A3E /* Pods_PuppyDisease.framework in Frameworks */,
			);
			runOnlyForDeploymentPostprocessing = 0;
		};
/* End PBXFrameworksBuildPhase section */

/* Begin PBXGroup section */
		6544BDD1771DCBA27BFDE611 /* Pods */ = {
			isa = PBXGroup;
			children = (
				63B8D47FC4E203FAE08998C7 /* Pods-PuppyDisease.debug.xcconfig */,
				3D57E8CE4D98EA59A2C27018 /* Pods-PuppyDisease.release.xcconfig */,
			);
			path = Pods;
			sourceTree = "<group>";
		};
		C3C63EE699AA48AB21D3DBCA /* Frameworks */ = {
			isa = PBXGroup;
			children = (
				715C2F7C06ECC13DD5F05246 /* Pods_PuppyDisease.framework */,
			);
			name = Frameworks;
			sourceTree = "<group>";
		};
		CAD62C9E29BDA81200CFE9D3 /* Font */ = {
			isa = PBXGroup;
			children = (
				CAD62C9F29BDA81700CFE9D3 /* ONE Mobile POP OTF.otf */,
			);
			path = Font;
			sourceTree = "<group>";
		};
		CAFD7D7529BC92E20058D6F7 = {
			isa = PBXGroup;
			children = (
				CAFD7D8029BC92E20058D6F7 /* PuppyDisease */,
				CAFD7D7F29BC92E20058D6F7 /* Products */,
				6544BDD1771DCBA27BFDE611 /* Pods */,
				C3C63EE699AA48AB21D3DBCA /* Frameworks */,
			);
			sourceTree = "<group>";
		};
		CAFD7D7F29BC92E20058D6F7 /* Products */ = {
			isa = PBXGroup;
			children = (
				CAFD7D7E29BC92E20058D6F7 /* PuppyDisease.app */,
			);
			name = Products;
			sourceTree = "<group>";
		};
		CAFD7D8029BC92E20058D6F7 /* PuppyDisease */ = {
			isa = PBXGroup;
			children = (
				CAFD7D8129BC92E20058D6F7 /* AppDelegate.swift */,
				CAFD7D8329BC92E20058D6F7 /* SceneDelegate.swift */,
				CAFD7D9B29BD57860058D6F7 /* Views */,
				CAFD7D9C29BD57B10058D6F7 /* Controllers */,
				CAFD7D8A29BC92E40058D6F7 /* Assets.xcassets */,
				CAD62C9E29BDA81200CFE9D3 /* Font */,
				CAFD7D8C29BC92E40058D6F7 /* LaunchScreen.storyboard */,
				CAFD7D9929BCB0020058D6F7 /* GoogleService-Info.plist */,
				CAFD7D8F29BC92E40058D6F7 /* Info.plist */,
				CAD62C9C29BDA80C00CFE9D3 /* ONE Mobile POP OTF.otf */,
			);
			path = PuppyDisease;
			sourceTree = "<group>";
		};
		CAFD7D9B29BD57860058D6F7 /* Views */ = {
			isa = PBXGroup;
			children = (
				CAFD7D8729BC92E20058D6F7 /* Main.storyboard */,
			);
			path = Views;
			sourceTree = "<group>";
		};
		CAFD7D9C29BD57B10058D6F7 /* Controllers */ = {
			isa = PBXGroup;
			children = (
				CAFD7D8529BC92E20058D6F7 /* ViewController.swift */,
				CAFD7D9729BC98800058D6F7 /* RegisterViewController.swift */,
				CA7EAEE629BF1EE800B89449 /* PuppyClassification.mlmodel */,
				CAFD7D9529BC986C0058D6F7 /* LoginViewController.swift */,
				CAFD7D9E29BD629B0058D6F7 /* SelectMenuController.swift */,
				CAFD7DA029BD6EA20058D6F7 /* SkinAIController.swift */,
				CAD62CAB29BDD13800CFE9D3 /* Inceptionv3.mlmodel */,
			);
			path = Controllers;
			sourceTree = "<group>";
		};
/* End PBXGroup section */

/* Begin PBXNativeTarget section */
		CAFD7D7D29BC92E20058D6F7 /* PuppyDisease */ = {
			isa = PBXNativeTarget;
			buildConfigurationList = CAFD7D9229BC92E40058D6F7 /* Build configuration list for PBXNativeTarget "PuppyDisease" */;
			buildPhases = (
				6644508DD354D8E93B5A5F75 /* [CP] Check Pods Manifest.lock */,
				CAFD7D7A29BC92E20058D6F7 /* Sources */,
				CAFD7D7B29BC92E20058D6F7 /* Frameworks */,
				CAFD7D7C29BC92E20058D6F7 /* Resources */,
				B74272705FB90036CFBB6CDD /* [CP] Embed Pods Frameworks */,
			);
			buildRules = (
			);
			dependencies = (
			);
			name = PuppyDisease;
			productName = PuppyDisease;
			productReference = CAFD7D7E29BC92E20058D6F7 /* PuppyDisease.app */;
			productType = "com.apple.product-type.application";
		};
/* End PBXNativeTarget section */

/* Begin PBXProject section */
		CAFD7D7629BC92E20058D6F7 /* Project object */ = {
			isa = PBXProject;
			attributes = {
				BuildIndependentTargetsInParallel = 1;
				LastSwiftUpdateCheck = 1420;
				LastUpgradeCheck = 1420;
				TargetAttributes = {
					CAFD7D7D29BC92E20058D6F7 = {
						CreatedOnToolsVersion = 14.2;
					};
				};
			};
			buildConfigurationList = CAFD7D7929BC92E20058D6F7 /* Build configuration list for PBXProject "PuppyDisease" */;
			compatibilityVersion = "Xcode 14.0";
			developmentRegion = en;
			hasScannedForEncodings = 0;
			knownRegions = (
				en,
				Base,
			);
			mainGroup = CAFD7D7529BC92E20058D6F7;
			productRefGroup = CAFD7D7F29BC92E20058D6F7 /* Products */;
			projectDirPath = "";
			projectRoot = "";
			targets = (
				CAFD7D7D29BC92E20058D6F7 /* PuppyDisease */,
			);
		};
/* End PBXProject section */

/* Begin PBXResourcesBuildPhase section */
		CAFD7D7C29BC92E20058D6F7 /* Resources */ = {
			isa = PBXResourcesBuildPhase;
			buildActionMask = 2147483647;
			files = (
				CAD62C9D29BDA80C00CFE9D3 /* ONE Mobile POP OTF.otf in Resources */,
				CAFD7D8E29BC92E40058D6F7 /* LaunchScreen.storyboard in Resources */,
				CAFD7D9A29BCB0020058D6F7 /* GoogleService-Info.plist in Resources */,
				CAFD7D8B29BC92E40058D6F7 /* Assets.xcassets in Resources */,
				CAFD7D8929BC92E20058D6F7 /* Main.storyboard in Resources */,
			);
			runOnlyForDeploymentPostprocessing = 0;
		};
/* End PBXResourcesBuildPhase section */

/* Begin PBXShellScriptBuildPhase section */
		6644508DD354D8E93B5A5F75 /* [CP] Check Pods Manifest.lock */ = {
			isa = PBXShellScriptBuildPhase;
			buildActionMask = 2147483647;
			files = (
			);
			inputFileListPaths = (
			);
			inputPaths = (
				"${PODS_PODFILE_DIR_PATH}/Podfile.lock",
				"${PODS_ROOT}/Manifest.lock",
			);
			name = "[CP] Check Pods Manifest.lock";
			outputFileListPaths = (
			);
			outputPaths = (
				"$(DERIVED_FILE_DIR)/Pods-PuppyDisease-checkManifestLockResult.txt",
			);
			runOnlyForDeploymentPostprocessing = 0;
			shellPath = /bin/sh;
			shellScript = "diff \"${PODS_PODFILE_DIR_PATH}/Podfile.lock\" \"${PODS_ROOT}/Manifest.lock\" > /dev/null\nif [ $? != 0 ] ; then\n    # print error to STDERR\n    echo \"error: The sandbox is not in sync with the Podfile.lock. Run 'pod install' or update your CocoaPods installation.\" >&2\n    exit 1\nfi\n# This output is used by Xcode 'outputs' to avoid re-running this script phase.\necho \"SUCCESS\" > \"${SCRIPT_OUTPUT_FILE_0}\"\n";
			showEnvVarsInLog = 0;
		};
		B74272705FB90036CFBB6CDD /* [CP] Embed Pods Frameworks */ = {
			isa = PBXShellScriptBuildPhase;
			buildActionMask = 2147483647;
			files = (
			);
			inputFileListPaths = (
				"${PODS_ROOT}/Target Support Files/Pods-PuppyDisease/Pods-PuppyDisease-frameworks-${CONFIGURATION}-input-files.xcfilelist",
			);
			name = "[CP] Embed Pods Frameworks";
			outputFileListPaths = (
				"${PODS_ROOT}/Target Support Files/Pods-PuppyDisease/Pods-PuppyDisease-frameworks-${CONFIGURATION}-output-files.xcfilelist",
			);
			runOnlyForDeploymentPostprocessing = 0;
			shellPath = /bin/sh;
			shellScript = "\"${PODS_ROOT}/Target Support Files/Pods-PuppyDisease/Pods-PuppyDisease-frameworks.sh\"\n";
			showEnvVarsInLog = 0;
		};
/* End PBXShellScriptBuildPhase section */

/* Begin PBXSourcesBuildPhase section */
		CAFD7D7A29BC92E20058D6F7 /* Sources */ = {
			isa = PBXSourcesBuildPhase;
			buildActionMask = 2147483647;
			files = (
				CAFD7D9629BC986C0058D6F7 /* LoginViewController.swift in Sources */,
				CAFD7D9829BC98800058D6F7 /* RegisterViewController.swift in Sources */,
				CAFD7D9F29BD629B0058D6F7 /* SelectMenuController.swift in Sources */,
				CAFD7D8629BC92E20058D6F7 /* ViewController.swift in Sources */,
				CAFD7D8229BC92E20058D6F7 /* AppDelegate.swift in Sources */,
				CAD62CAC29BDD13900CFE9D3 /* Inceptionv3.mlmodel in Sources */,
				CAFD7DA129BD6EA20058D6F7 /* SkinAIController.swift in Sources */,
				CA7EAEE729BF1EE800B89449 /* PuppyClassification.mlmodel in Sources */,
				CAFD7D8429BC92E20058D6F7 /* SceneDelegate.swift in Sources */,
			);
			runOnlyForDeploymentPostprocessing = 0;
		};
/* End PBXSourcesBuildPhase section */

/* Begin PBXVariantGroup section */
		CAFD7D8729BC92E20058D6F7 /* Main.storyboard */ = {
			isa = PBXVariantGroup;
			children = (
				CAFD7D8829BC92E20058D6F7 /* Base */,
			);
			name = Main.storyboard;
			sourceTree = "<group>";
		};
		CAFD7D8C29BC92E40058D6F7 /* LaunchScreen.storyboard */ = {
			isa = PBXVariantGroup;
			children = (
				CAFD7D8D29BC92E40058D6F7 /* Base */,
			);
			name = LaunchScreen.storyboard;
			sourceTree = "<group>";
		};
/* End PBXVariantGroup section */

/* Begin XCBuildConfiguration section */
		CAFD7D9029BC92E40058D6F7 /* Debug */ = {
			isa = XCBuildConfiguration;
			buildSettings = {
				ALWAYS_SEARCH_USER_PATHS = NO;
				CLANG_ANALYZER_NONNULL = YES;
				CLANG_ANALYZER_NUMBER_OBJECT_CONVERSION = YES_AGGRESSIVE;
				CLANG_CXX_LANGUAGE_STANDARD = "gnu++20";
				CLANG_ENABLE_MODULES = YES;
				CLANG_ENABLE_OBJC_ARC = YES;
				CLANG_ENABLE_OBJC_WEAK = YES;
				CLANG_WARN_BLOCK_CAPTURE_AUTORELEASING = YES;
				CLANG_WARN_BOOL_CONVERSION = YES;
				CLANG_WARN_COMMA = YES;
				CLANG_WARN_CONSTANT_CONVERSION = YES;
				CLANG_WARN_DEPRECATED_OBJC_IMPLEMENTATIONS = YES;
				CLANG_WARN_DIRECT_OBJC_ISA_USAGE = YES_ERROR;
				CLANG_WARN_DOCUMENTATION_COMMENTS = YES;
				CLANG_WARN_EMPTY_BODY = YES;
				CLANG_WARN_ENUM_CONVERSION = YES;
				CLANG_WARN_INFINITE_RECURSION = YES;
				CLANG_WARN_INT_CONVERSION = YES;
				CLANG_WARN_NON_LITERAL_NULL_CONVERSION = YES;
				CLANG_WARN_OBJC_IMPLICIT_RETAIN_SELF = YES;
				CLANG_WARN_OBJC_LITERAL_CONVERSION = YES;
				CLANG_WARN_OBJC_ROOT_CLASS = YES_ERROR;
				CLANG_WARN_QUOTED_INCLUDE_IN_FRAMEWORK_HEADER = YES;
				CLANG_WARN_RANGE_LOOP_ANALYSIS = YES;
				CLANG_WARN_STRICT_PROTOTYPES = YES;
				CLANG_WARN_SUSPICIOUS_MOVE = YES;
				CLANG_WARN_UNGUARDED_AVAILABILITY = YES_AGGRESSIVE;
				CLANG_WARN_UNREACHABLE_CODE = YES;
				CLANG_WARN__DUPLICATE_METHOD_MATCH = YES;
				COPY_PHASE_STRIP = NO;
				DEBUG_INFORMATION_FORMAT = dwarf;
				ENABLE_STRICT_OBJC_MSGSEND = YES;
				ENABLE_TESTABILITY = YES;
				GCC_C_LANGUAGE_STANDARD = gnu11;
				GCC_DYNAMIC_NO_PIC = NO;
				GCC_NO_COMMON_BLOCKS = YES;
				GCC_OPTIMIZATION_LEVEL = 0;
				GCC_PREPROCESSOR_DEFINITIONS = (
					"DEBUG=1",
					"$(inherited)",
				);
				GCC_WARN_64_TO_32_BIT_CONVERSION = YES;
				GCC_WARN_ABOUT_RETURN_TYPE = YES_ERROR;
				GCC_WARN_UNDECLARED_SELECTOR = YES;
				GCC_WARN_UNINITIALIZED_AUTOS = YES_AGGRESSIVE;
				GCC_WARN_UNUSED_FUNCTION = YES;
				GCC_WARN_UNUSED_VARIABLE = YES;
				IPHONEOS_DEPLOYMENT_TARGET = 16.2;
				MTL_ENABLE_DEBUG_INFO = INCLUDE_SOURCE;
				MTL_FAST_MATH = YES;
				ONLY_ACTIVE_ARCH = YES;
				SDKROOT = iphoneos;
				SWIFT_ACTIVE_COMPILATION_CONDITIONS = DEBUG;
				SWIFT_OPTIMIZATION_LEVEL = "-Onone";
			};
			name = Debug;
		};
		CAFD7D9129BC92E40058D6F7 /* Release */ = {
			isa = XCBuildConfiguration;
			buildSettings = {
				ALWAYS_SEARCH_USER_PATHS = NO;
				CLANG_ANALYZER_NONNULL = YES;
				CLANG_ANALYZER_NUMBER_OBJECT_CONVERSION = YES_AGGRESSIVE;
				CLANG_CXX_LANGUAGE_STANDARD = "gnu++20";
				CLANG_ENABLE_MODULES = YES;
				CLANG_ENABLE_OBJC_ARC = YES;
				CLANG_ENABLE_OBJC_WEAK = YES;
				CLANG_WARN_BLOCK_CAPTURE_AUTORELEASING = YES;
				CLANG_WARN_BOOL_CONVERSION = YES;
				CLANG_WARN_COMMA = YES;
				CLANG_WARN_CONSTANT_CONVERSION = YES;
				CLANG_WARN_DEPRECATED_OBJC_IMPLEMENTATIONS = YES;
				CLANG_WARN_DIRECT_OBJC_ISA_USAGE = YES_ERROR;
				CLANG_WARN_DOCUMENTATION_COMMENTS = YES;
				CLANG_WARN_EMPTY_BODY = YES;
				CLANG_WARN_ENUM_CONVERSION = YES;
				CLANG_WARN_INFINITE_RECURSION = YES;
				CLANG_WARN_INT_CONVERSION = YES;
				CLANG_WARN_NON_LITERAL_NULL_CONVERSION = YES;
				CLANG_WARN_OBJC_IMPLICIT_RETAIN_SELF = YES;
				CLANG_WARN_OBJC_LITERAL_CONVERSION = YES;
				CLANG_WARN_OBJC_ROOT_CLASS = YES_ERROR;
				CLANG_WARN_QUOTED_INCLUDE_IN_FRAMEWORK_HEADER = YES;
				CLANG_WARN_RANGE_LOOP_ANALYSIS = YES;
				CLANG_WARN_STRICT_PROTOTYPES = YES;
				CLANG_WARN_SUSPICIOUS_MOVE = YES;
				CLANG_WARN_UNGUARDED_AVAILABILITY = YES_AGGRESSIVE;
				CLANG_WARN_UNREACHABLE_CODE = YES;
				CLANG_WARN__DUPLICATE_METHOD_MATCH = YES;
				COPY_PHASE_STRIP = NO;
				DEBUG_INFORMATION_FORMAT = "dwarf-with-dsym";
				ENABLE_NS_ASSERTIONS = NO;
				ENABLE_STRICT_OBJC_MSGSEND = YES;
				GCC_C_LANGUAGE_STANDARD = gnu11;
				GCC_NO_COMMON_BLOCKS = YES;
				GCC_WARN_64_TO_32_BIT_CONVERSION = YES;
				GCC_WARN_ABOUT_RETURN_TYPE = YES_ERROR;
				GCC_WARN_UNDECLARED_SELECTOR = YES;
				GCC_WARN_UNINITIALIZED_AUTOS = YES_AGGRESSIVE;
				GCC_WARN_UNUSED_FUNCTION = YES;
				GCC_WARN_UNUSED_VARIABLE = YES;
				IPHONEOS_DEPLOYMENT_TARGET = 16.2;
				MTL_ENABLE_DEBUG_INFO = NO;
				MTL_FAST_MATH = YES;
				SDKROOT = iphoneos;
				SWIFT_COMPILATION_MODE = wholemodule;
				SWIFT_OPTIMIZATION_LEVEL = "-O";
				VALIDATE_PRODUCT = YES;
			};
			name = Release;
		};
		CAFD7D9329BC92E40058D6F7 /* Debug */ = {
			isa = XCBuildConfiguration;
			baseConfigurationReference = 63B8D47FC4E203FAE08998C7 /* Pods-PuppyDisease.debug.xcconfig */;
			buildSettings = {
				ASSETCATALOG_COMPILER_APPICON_NAME = AppIcon;
				ASSETCATALOG_COMPILER_GLOBAL_ACCENT_COLOR_NAME = AccentColor;
				CODE_SIGN_STYLE = Automatic;
				CURRENT_PROJECT_VERSION = 1;
				DEVELOPMENT_TEAM = ADU9G6DNZ9;
				GENERATE_INFOPLIST_FILE = YES;
				INFOPLIST_FILE = PuppyDisease/Info.plist;
				INFOPLIST_KEY_UIApplicationSupportsIndirectInputEvents = YES;
				INFOPLIST_KEY_UILaunchStoryboardName = LaunchScreen;
				INFOPLIST_KEY_UIMainStoryboardFile = Main;
				INFOPLIST_KEY_UISupportedInterfaceOrientations_iPad = "UIInterfaceOrientationPortrait UIInterfaceOrientationPortraitUpsideDown UIInterfaceOrientationLandscapeLeft UIInterfaceOrientationLandscapeRight";
				INFOPLIST_KEY_UISupportedInterfaceOrientations_iPhone = "UIInterfaceOrientationPortrait UIInterfaceOrientationLandscapeLeft UIInterfaceOrientationLandscapeRight";
				LD_RUNPATH_SEARCH_PATHS = (
					"$(inherited)",
					"@executable_path/Frameworks",
				);
				MARKETING_VERSION = 1.0;
				PRODUCT_BUNDLE_IDENTIFIER = PuupySeeFood.PuppyDisease;
				PRODUCT_NAME = "$(TARGET_NAME)";
				SWIFT_EMIT_LOC_STRINGS = YES;
				SWIFT_VERSION = 5.0;
				TARGETED_DEVICE_FAMILY = "1,2";
			};
			name = Debug;
		};
		CAFD7D9429BC92E40058D6F7 /* Release */ = {
			isa = XCBuildConfiguration;
			baseConfigurationReference = 3D57E8CE4D98EA59A2C27018 /* Pods-PuppyDisease.release.xcconfig */;
			buildSettings = {
				ASSETCATALOG_COMPILER_APPICON_NAME = AppIcon;
				ASSETCATALOG_COMPILER_GLOBAL_ACCENT_COLOR_NAME = AccentColor;
				CODE_SIGN_STYLE = Automatic;
				CURRENT_PROJECT_VERSION = 1;
				DEVELOPMENT_TEAM = ADU9G6DNZ9;
				GENERATE_INFOPLIST_FILE = YES;
				INFOPLIST_FILE = PuppyDisease/Info.plist;
				INFOPLIST_KEY_UIApplicationSupportsIndirectInputEvents = YES;
				INFOPLIST_KEY_UILaunchStoryboardName = LaunchScreen;
				INFOPLIST_KEY_UIMainStoryboardFile = Main;
				INFOPLIST_KEY_UISupportedInterfaceOrientations_iPad = "UIInterfaceOrientationPortrait UIInterfaceOrientationPortraitUpsideDown UIInterfaceOrientationLandscapeLeft UIInterfaceOrientationLandscapeRight";
				INFOPLIST_KEY_UISupportedInterfaceOrientations_iPhone = "UIInterfaceOrientationPortrait UIInterfaceOrientationLandscapeLeft UIInterfaceOrientationLandscapeRight";
				LD_RUNPATH_SEARCH_PATHS = (
					"$(inherited)",
					"@executable_path/Frameworks",
				);
				MARKETING_VERSION = 1.0;
				PRODUCT_BUNDLE_IDENTIFIER = PuupySeeFood.PuppyDisease;
				PRODUCT_NAME = "$(TARGET_NAME)";
				SWIFT_EMIT_LOC_STRINGS = YES;
				SWIFT_VERSION = 5.0;
				TARGETED_DEVICE_FAMILY = "1,2";
			};
			name = Release;
		};
/* End XCBuildConfiguration section */

/* Begin XCConfigurationList section */
		CAFD7D7929BC92E20058D6F7 /* Build configuration list for PBXProject "PuppyDisease" */ = {
			isa = XCConfigurationList;
			buildConfigurations = (
				CAFD7D9029BC92E40058D6F7 /* Debug */,
				CAFD7D9129BC92E40058D6F7 /* Release */,
			);
			defaultConfigurationIsVisible = 0;
			defaultConfigurationName = Release;
		};
		CAFD7D9229BC92E40058D6F7 /* Build configuration list for PBXNativeTarget "PuppyDisease" */ = {
			isa = XCConfigurationList;
			buildConfigurations = (
				CAFD7D9329BC92E40058D6F7 /* Debug */,
				CAFD7D9429BC92E40058D6F7 /* Release */,
			);
			defaultConfigurationIsVisible = 0;
			defaultConfigurationName = Release;
		};
/* End XCConfigurationList section */
	};
	rootObject = CAFD7D7629BC92E20058D6F7 /* Project object */;
}
